// !$*UTF8*$!
{
	archiveVersion = 1;
	classes = {
	};
	objectVersion = 46;
	objects = {

/* Begin PBXBuildFile section */
		0A4CC7481976342D000B6E65 /* Foundation.framework in Frameworks */ = {isa = PBXBuildFile; fileRef = 0A4CC7471976342D000B6E65 /* Foundation.framework */; };
		0A4CC74A1976342D000B6E65 /* CoreGraphics.framework in Frameworks */ = {isa = PBXBuildFile; fileRef = 0A4CC7491976342D000B6E65 /* CoreGraphics.framework */; };
		0A4CC74C1976342D000B6E65 /* UIKit.framework in Frameworks */ = {isa = PBXBuildFile; fileRef = 0A4CC74B1976342D000B6E65 /* UIKit.framework */; };
		0A4CC7521976342D000B6E65 /* InfoPlist.strings in Resources */ = {isa = PBXBuildFile; fileRef = 0A4CC7501976342D000B6E65 /* InfoPlist.strings */; };
		0A4CC7541976342D000B6E65 /* main.m in Sources */ = {isa = PBXBuildFile; fileRef = 0A4CC7531976342D000B6E65 /* main.m */; };
		0A4CC7581976342D000B6E65 /* RSAppDelegate.m in Sources */ = {isa = PBXBuildFile; fileRef = 0A4CC7571976342D000B6E65 /* RSAppDelegate.m */; };
		0A4CC75B1976342D000B6E65 /* Main.storyboard in Resources */ = {isa = PBXBuildFile; fileRef = 0A4CC7591976342D000B6E65 /* Main.storyboard */; };
		0A4CC75E1976342D000B6E65 /* RSViewController.m in Sources */ = {isa = PBXBuildFile; fileRef = 0A4CC75D1976342D000B6E65 /* RSViewController.m */; };
		0A4CC7601976342D000B6E65 /* Images.xcassets in Resources */ = {isa = PBXBuildFile; fileRef = 0A4CC75F1976342D000B6E65 /* Images.xcassets */; };
		0A4CC7671976342D000B6E65 /* XCTest.framework in Frameworks */ = {isa = PBXBuildFile; fileRef = 0A4CC7661976342D000B6E65 /* XCTest.framework */; };
		0A4CC7681976342D000B6E65 /* Foundation.framework in Frameworks */ = {isa = PBXBuildFile; fileRef = 0A4CC7471976342D000B6E65 /* Foundation.framework */; };
		0A4CC7691976342D000B6E65 /* UIKit.framework in Frameworks */ = {isa = PBXBuildFile; fileRef = 0A4CC74B1976342D000B6E65 /* UIKit.framework */; };
		0A4CC7711976342D000B6E65 /* InfoPlist.strings in Resources */ = {isa = PBXBuildFile; fileRef = 0A4CC76F1976342D000B6E65 /* InfoPlist.strings */; };
		0A4CC7731976342D000B6E65 /* PhotoTiltPanTests.m in Sources */ = {isa = PBXBuildFile; fileRef = 0A4CC7721976342D000B6E65 /* PhotoTiltPanTests.m */; };
/* End PBXBuildFile section */

/* Begin PBXContainerItemProxy section */
		0A4CC76A1976342D000B6E65 /* PBXContainerItemProxy */ = {
			isa = PBXContainerItemProxy;
			containerPortal = 0A4CC73C1976342D000B6E65 /* Project object */;
			proxyType = 1;
			remoteGlobalIDString = 0A4CC7431976342D000B6E65;
			remoteInfo = PhotoTiltPan;
		};
/* End PBXContainerItemProxy section */

/* Begin PBXFileReference section */
		0A4CC7441976342D000B6E65 /* PhotoTiltPan.app */ = {isa = PBXFileReference; explicitFileType = wrapper.application; includeInIndex = 0; path = PhotoTiltPan.app; sourceTree = BUILT_PRODUCTS_DIR; };
		0A4CC7471976342D000B6E65 /* Foundation.framework */ = {isa = PBXFileReference; lastKnownFileType = wrapper.framework; name = Foundation.framework; path = System/Library/Frameworks/Foundation.framework; sourceTree = SDKROOT; };
		0A4CC7491976342D000B6E65 /* CoreGraphics.framework */ = {isa = PBXFileReference; lastKnownFileType = wrapper.framework; name = CoreGraphics.framework; path = System/Library/Frameworks/CoreGraphics.framework; sourceTree = SDKROOT; };
		0A4CC74B1976342D000B6E65 /* UIKit.framework */ = {isa = PBXFileReference; lastKnownFileType = wrapper.framework; name = UIKit.framework; path = System/Library/Frameworks/UIKit.framework; sourceTree = SDKROOT; };
		0A4CC74F1976342D000B6E65 /* PhotoTiltPan-Info.plist */ = {isa = PBXFileReference; lastKnownFileType = text.plist.xml; path = "PhotoTiltPan-Info.plist"; sourceTree = "<group>"; };
		0A4CC7511976342D000B6E65 /* en */ = {isa = PBXFileReference; lastKnownFileType = text.plist.strings; name = en; path = en.lproj/InfoPlist.strings; sourceTree = "<group>"; };
		0A4CC7531976342D000B6E65 /* main.m */ = {isa = PBXFileReference; lastKnownFileType = sourcecode.c.objc; path = main.m; sourceTree = "<group>"; };
		0A4CC7551976342D000B6E65 /* PhotoTiltPan-Prefix.pch */ = {isa = PBXFileReference; lastKnownFileType = sourcecode.c.h; path = "PhotoTiltPan-Prefix.pch"; sourceTree = "<group>"; };
		0A4CC7561976342D000B6E65 /* RSAppDelegate.h */ = {isa = PBXFileReference; lastKnownFileType = sourcecode.c.h; path = RSAppDelegate.h; sourceTree = "<group>"; };
		0A4CC7571976342D000B6E65 /* RSAppDelegate.m */ = {isa = PBXFileReference; lastKnownFileType = sourcecode.c.objc; path = RSAppDelegate.m; sourceTree = "<group>"; };
		0A4CC75A1976342D000B6E65 /* Base */ = {isa = PBXFileReference; lastKnownFileType = file.storyboard; name = Base; path = Base.lproj/Main.storyboard; sourceTree = "<group>"; };
		0A4CC75C1976342D000B6E65 /* RSViewController.h */ = {isa = PBXFileReference; lastKnownFileType = sourcecode.c.h; path = RSViewController.h; sourceTree = "<group>"; };
		0A4CC75D1976342D000B6E65 /* RSViewController.m */ = {isa = PBXFileReference; lastKnownFileType = sourcecode.c.objc; path = RSViewController.m; sourceTree = "<group>"; };
		0A4CC75F1976342D000B6E65 /* Images.xcassets */ = {isa = PBXFileReference; lastKnownFileType = folder.assetcatalog; path = Images.xcassets; sourceTree = "<group>"; };
		0A4CC7651976342D000B6E65 /* PhotoTiltPanTests.xctest */ = {isa = PBXFileReference; explicitFileType = wrapper.cfbundle; includeInIndex = 0; path = PhotoTiltPanTests.xctest; sourceTree = BUILT_PRODUCTS_DIR; };
		0A4CC7661976342D000B6E65 /* XCTest.framework */ = {isa = PBXFileReference; lastKnownFileType = wrapper.framework; name = XCTest.framework; path = Library/Frameworks/XCTest.framework; sourceTree = DEVELOPER_DIR; };
		0A4CC76E1976342D000B6E65 /* PhotoTiltPanTests-Info.plist */ = {isa = PBXFileReference; lastKnownFileType = text.plist.xml; path = "PhotoTiltPanTests-Info.plist"; sourceTree = "<group>"; };
		0A4CC7701976342D000B6E65 /* en */ = {isa = PBXFileReference; lastKnownFileType = text.plist.strings; name = en; path = en.lproj/InfoPlist.strings; sourceTree = "<group>"; };
		0A4CC7721976342D000B6E65 /* PhotoTiltPanTests.m */ = {isa = PBXFileReference; lastKnownFileType = sourcecode.c.objc; path = PhotoTiltPanTests.m; sourceTree = "<group>"; };
/* End PBXFileReference section */

/* Begin PBXFrameworksBuildPhase section */
		0A4CC7411976342D000B6E65 /* Frameworks */ = {
			isa = PBXFrameworksBuildPhase;
			buildActionMask = 2147483647;
			files = (
				0A4CC74A1976342D000B6E65 /* CoreGraphics.framework in Frameworks */,
				0A4CC74C1976342D000B6E65 /* UIKit.framework in Frameworks */,
				0A4CC7481976342D000B6E65 /* Foundation.framework in Frameworks */,
			);
			runOnlyForDeploymentPostprocessing = 0;
		};
		0A4CC7621976342D000B6E65 /* Frameworks */ = {
			isa = PBXFrameworksBuildPhase;
			buildActionMask = 2147483647;
			files = (
				0A4CC7671976342D000B6E65 /* XCTest.framework in Frameworks */,
				0A4CC7691976342D000B6E65 /* UIKit.framework in Frameworks */,
				0A4CC7681976342D000B6E65 /* Foundation.framework in Frameworks */,
			);
			runOnlyForDeploymentPostprocessing = 0;
		};
/* End PBXFrameworksBuildPhase section */

/* Begin PBXGroup section */
		0A4CC73B1976342D000B6E65 = {
			isa = PBXGroup;
			children = (
				0A4CC74D1976342D000B6E65 /* PhotoTiltPan */,
				0A4CC76C1976342D000B6E65 /* PhotoTiltPanTests */,
				0A4CC7461976342D000B6E65 /* Frameworks */,
				0A4CC7451976342D000B6E65 /* Products */,
			);
			sourceTree = "<group>";
		};
		0A4CC7451976342D000B6E65 /* Products */ = {
			isa = PBXGroup;
			children = (
				0A4CC7441976342D000B6E65 /* PhotoTiltPan.app */,
				0A4CC7651976342D000B6E65 /* PhotoTiltPanTests.xctest */,
			);
			name = Products;
			sourceTree = "<group>";
		};
		0A4CC7461976342D000B6E65 /* Frameworks */ = {
			isa = PBXGroup;
			children = (
				0A4CC7471976342D000B6E65 /* Foundation.framework */,
				0A4CC7491976342D000B6E65 /* CoreGraphics.framework */,
				0A4CC74B1976342D000B6E65 /* UIKit.framework */,
				0A4CC7661976342D000B6E65 /* XCTest.framework */,
			);
			name = Frameworks;
			sourceTree = "<group>";
		};
		0A4CC74D1976342D000B6E65 /* PhotoTiltPan */ = {
			isa = PBXGroup;
			children = (
				0A4CC7561976342D000B6E65 /* RSAppDelegate.h */,
				0A4CC7571976342D000B6E65 /* RSAppDelegate.m */,
				0A4CC7591976342D000B6E65 /* Main.storyboard */,
				0A4CC75C1976342D000B6E65 /* RSViewController.h */,
				0A4CC75D1976342D000B6E65 /* RSViewController.m */,
				0A4CC75F1976342D000B6E65 /* Images.xcassets */,
				0A4CC74E1976342D000B6E65 /* Supporting Files */,
			);
			path = PhotoTiltPan;
			sourceTree = "<group>";
		};
		0A4CC74E1976342D000B6E65 /* Supporting Files */ = {
			isa = PBXGroup;
			children = (
				0A4CC74F1976342D000B6E65 /* PhotoTiltPan-Info.plist */,
				0A4CC7501976342D000B6E65 /* InfoPlist.strings */,
				0A4CC7531976342D000B6E65 /* main.m */,
				0A4CC7551976342D000B6E65 /* PhotoTiltPan-Prefix.pch */,
			);
			name = "Supporting Files";
			sourceTree = "<group>";
		};
		0A4CC76C1976342D000B6E65 /* PhotoTiltPanTests */ = {
			isa = PBXGroup;
			children = (
				0A4CC7721976342D000B6E65 /* PhotoTiltPanTests.m */,
				0A4CC76D1976342D000B6E65 /* Supporting Files */,
			);
			path = PhotoTiltPanTests;
			sourceTree = "<group>";
		};
		0A4CC76D1976342D000B6E65 /* Supporting Files */ = {
			isa = PBXGroup;
			children = (
				0A4CC76E1976342D000B6E65 /* PhotoTiltPanTests-Info.plist */,
				0A4CC76F1976342D000B6E65 /* InfoPlist.strings */,
			);
			name = "Supporting Files";
			sourceTree = "<group>";
		};
/* End PBXGroup section */

/* Begin PBXNativeTarget section */
		0A4CC7431976342D000B6E65 /* PhotoTiltPan */ = {
			isa = PBXNativeTarget;
			buildConfigurationList = 0A4CC7761976342E000B6E65 /* Build configuration list for PBXNativeTarget "PhotoTiltPan" */;
			buildPhases = (
				0A4CC7401976342D000B6E65 /* Sources */,
				0A4CC7411976342D000B6E65 /* Frameworks */,
				0A4CC7421976342D000B6E65 /* Resources */,
			);
			buildRules = (
			);
			dependencies = (
			);
			name = PhotoTiltPan;
			productName = PhotoTiltPan;
			productReference = 0A4CC7441976342D000B6E65 /* PhotoTiltPan.app */;
			productType = "com.apple.product-type.application";
		};
		0A4CC7641976342D000B6E65 /* PhotoTiltPanTests */ = {
			isa = PBXNativeTarget;
			buildConfigurationList = 0A4CC7791976342E000B6E65 /* Build configuration list for PBXNativeTarget "PhotoTiltPanTests" */;
			buildPhases = (
				0A4CC7611976342D000B6E65 /* Sources */,
				0A4CC7621976342D000B6E65 /* Frameworks */,
				0A4CC7631976342D000B6E65 /* Resources */,
			);
			buildRules = (
			);
			dependencies = (
				0A4CC76B1976342D000B6E65 /* PBXTargetDependency */,
			);
			name = PhotoTiltPanTests;
			productName = PhotoTiltPanTests;
			productReference = 0A4CC7651976342D000B6E65 /* PhotoTiltPanTests.xctest */;
			productType = "com.apple.product-type.bundle.unit-test";
		};
/* End PBXNativeTarget section */

/* Begin PBXProject section */
		0A4CC73C1976342D000B6E65 /* Project object */ = {
			isa = PBXProject;
			attributes = {
				CLASSPREFIX = RS;
				LastUpgradeCheck = 0510;
				ORGANIZATIONNAME = "Ramsundar Shandilya";
				TargetAttributes = {
					0A4CC7641976342D000B6E65 = {
						TestTargetID = 0A4CC7431976342D000B6E65;
					};
				};
			};
			buildConfigurationList = 0A4CC73F1976342D000B6E65 /* Build configuration list for PBXProject "PhotoTiltPan" */;
			compatibilityVersion = "Xcode 3.2";
			developmentRegion = English;
			hasScannedForEncodings = 0;
			knownRegions = (
				en,
				Base,
			);
			mainGroup = 0A4CC73B1976342D000B6E65;
			productRefGroup = 0A4CC7451976342D000B6E65 /* Products */;
			projectDirPath = "";
			projectRoot = "";
			targets = (
				0A4CC7431976342D000B6E65 /* PhotoTiltPan */,
				0A4CC7641976342D000B6E65 /* PhotoTiltPanTests */,
			);
		};
/* End PBXProject section */

/* Begin PBXResourcesBuildPhase section */
		0A4CC7421976342D000B6E65 /* Resources */ = {
			isa = PBXResourcesBuildPhase;
			buildActionMask = 2147483647;
			files = (
				0A4CC7601976342D000B6E65 /* Images.xcassets in Resources */,
				0A4CC7521976342D000B6E65 /* InfoPlist.strings in Resources */,
				0A4CC75B1976342D000B6E65 /* Main.storyboard in Resources */,
			);
			runOnlyForDeploymentPostprocessing = 0;
		};
		0A4CC7631976342D000B6E65 /* Resources */ = {
			isa = PBXResourcesBuildPhase;
			buildActionMask = 2147483647;
			files = (
				0A4CC7711976342D000B6E65 /* InfoPlist.strings in Resources */,
			);
			runOnlyForDeploymentPostprocessing = 0;
		};
/* End PBXResourcesBuildPhase section */

/* Begin PBXSourcesBuildPhase section */
		0A4CC7401976342D000B6E65 /* Sources */ = {
			isa = PBXSourcesBuildPhase;
			buildActionMask = 2147483647;
			files = (
				0A4CC7541976342D000B6E65 /* main.m in Sources */,
				0A4CC7581976342D000B6E65 /* RSAppDelegate.m in Sources */,
				0A4CC75E1976342D000B6E65 /* RSViewController.m in Sources */,
			);
			runOnlyForDeploymentPostprocessing = 0;
		};
		0A4CC7611976342D000B6E65 /* Sources */ = {
			isa = PBXSourcesBuildPhase;
			buildActionMask = 2147483647;
			files = (
				0A4CC7731976342D000B6E65 /* PhotoTiltPanTests.m in Sources */,
			);
			runOnlyForDeploymentPostprocessing = 0;
		};
/* End PBXSourcesBuildPhase section */

/* Begin PBXTargetDependency section */
		0A4CC76B1976342D000B6E65 /* PBXTargetDependency */ = {
			isa = PBXTargetDependency;
			target = 0A4CC7431976342D000B6E65 /* PhotoTiltPan */;
			targetProxy = 0A4CC76A1976342D000B6E65 /* PBXContainerItemProxy */;
		};
/* End PBXTargetDependency section */

/* Begin PBXVariantGroup section */
		0A4CC7501976342D000B6E65 /* InfoPlist.strings */ = {
			isa = PBXVariantGroup;
			children = (
				0A4CC7511976342D000B6E65 /* en */,
			);
			name = InfoPlist.strings;
			sourceTree = "<group>";
		};
		0A4CC7591976342D000B6E65 /* Main.storyboard */ = {
			isa = PBXVariantGroup;
			children = (
				0A4CC75A1976342D000B6E65 /* Base */,
			);
			name = Main.storyboard;
			sourceTree = "<group>";
		};
		0A4CC76F1976342D000B6E65 /* InfoPlist.strings */ = {
			isa = PBXVariantGroup;
			children = (
				0A4CC7701976342D000B6E65 /* en */,
			);
			name = InfoPlist.strings;
			sourceTree = "<group>";
		};
/* End PBXVariantGroup section */

/* Begin XCBuildConfiguration section */
		0A4CC7741976342E000B6E65 /* Debug */ = {
			isa = XCBuildConfiguration;
			buildSettings = {
				ALWAYS_SEARCH_USER_PATHS = NO;
				CLANG_CXX_LANGUAGE_STANDARD = "gnu++0x";
				CLANG_CXX_LIBRARY = "libc++";
				CLANG_ENABLE_MODULES = YES;
				CLANG_ENABLE_OBJC_ARC = YES;
				CLANG_WARN_BOOL_CONVERSION = YES;
				CLANG_WARN_CONSTANT_CONVERSION = YES;
				CLANG_WARN_DIRECT_OBJC_ISA_USAGE = YES_ERROR;
				CLANG_WARN_EMPTY_BODY = YES;
				CLANG_WARN_ENUM_CONVERSION = YES;
				CLANG_WARN_INT_CONVERSION = YES;
				CLANG_WARN_OBJC_ROOT_CLASS = YES_ERROR;
				CLANG_WARN__DUPLICATE_METHOD_MATCH = YES;
				"CODE_SIGN_IDENTITY[sdk=iphoneos*]" = "iPhone Developer";
				COPY_PHASE_STRIP = NO;
				GCC_C_LANGUAGE_STANDARD = gnu99;
				GCC_DYNAMIC_NO_PIC = NO;
				GCC_OPTIMIZATION_LEVEL = 0;
				GCC_PREPROCESSOR_DEFINITIONS = (
					"DEBUG=1",
					"$(inherited)",
				);
				GCC_SYMBOLS_PRIVATE_EXTERN = NO;
				GCC_WARN_64_TO_32_BIT_CONVERSION = YES;
				GCC_WARN_ABOUT_RETURN_TYPE = YES_ERROR;
				GCC_WARN_UNDECLARED_SELECTOR = YES;
				GCC_WARN_UNINITIALIZED_AUTOS = YES_AGGRESSIVE;
				GCC_WARN_UNUSED_FUNCTION = YES;
				GCC_WARN_UNUSED_VARIABLE = YES;
				IPHONEOS_DEPLOYMENT_TARGET = 7.1;
				ONLY_ACTIVE_ARCH = YES;
				SDKROOT = iphoneos;
			};
			name = Debug;
		};
		0A4CC7751976342E000B6E65 /* Release */ = {
			isa = XCBuildConfiguration;
			buildSettings = {
				ALWAYS_SEARCH_USER_PATHS = NO;
				CLANG_CXX_LANGUAGE_STANDARD = "gnu++0x";
				CLANG_CXX_LIBRARY = "libc++";
				CLANG_ENABLE_MODULES = YES;
				CLANG_ENABLE_OBJC_ARC = YES;
				CLANG_WARN_BOOL_CONVERSION = YES;
				CLANG_WARN_CONSTANT_CONVERSION = YES;
				CLANG_WARN_DIRECT_OBJC_ISA_USAGE = YES_ERROR;
				CLANG_WARN_EMPTY_BODY = YES;
				CLANG_WARN_ENUM_CONVERSION = YES;
				CLANG_WARN_INT_CONVERSION = YES;
				CLANG_WARN_OBJC_ROOT_CLASS = YES_ERROR;
				CLANG_WARN__DUPLICATE_METHOD_MATCH = YES;
				"CODE_SIGN_IDENTITY[sdk=iphoneos*]" = "iPhone Developer";
				COPY_PHASE_STRIP = YES;
				ENABLE_NS_ASSERTIONS = NO;
				GCC_C_LANGUAGE_STANDARD = gnu99;
				GCC_WARN_64_TO_32_BIT_CONVERSION = YES;
				GCC_WARN_ABOUT_RETURN_TYPE = YES_ERROR;
				GCC_WARN_UNDECLARED_SELECTOR = YES;
				GCC_WARN_UNINITIALIZED_AUTOS = YES_AGGRESSIVE;
				GCC_WARN_UNUSED_FUNCTION = YES;
				GCC_WARN_UNUSED_VARIABLE = YES;
				IPHONEOS_DEPLOYMENT_TARGET = 7.1;
				SDKROOT = iphoneos;
				VALIDATE_PRODUCT = YES;
			};
			name = Release;
		};
		0A4CC7771976342E000B6E65 /* Debug */ = {
			isa = XCBuildConfiguration;
			buildSettings = {
				ASSETCATALOG_COMPILER_APPICON_NAME = AppIcon;
				ASSETCATALOG_COMPILER_LAUNCHIMAGE_NAME = LaunchImage;
				GCC_PRECOMPILE_PREFIX_HEADER = YES;
				GCC_PREFIX_HEADER = "PhotoTiltPan/PhotoTiltPan-Prefix.pch";
				INFOPLIST_FILE = "PhotoTiltPan/PhotoTiltPan-Info.plist";
				PRODUCT_NAME = "$(TARGET_NAME)";
				WRAPPER_EXTENSION = app;
			};
			name = Debug;
		};
		0A4CC7781976342E000B6E65 /* Release */ = {
			isa = XCBuildConfiguration;
			buildSettings = {
				ASSETCATALOG_COMPILER_APPICON_NAME = AppIcon;
				ASSETCATALOG_COMPILER_LAUNCHIMAGE_NAME = LaunchImage;
				GCC_PRECOMPILE_PREFIX_HEADER = YES;
				GCC_PREFIX_HEADER = "PhotoTiltPan/PhotoTiltPan-Prefix.pch";
				INFOPLIST_FILE = "PhotoTiltPan/PhotoTiltPan-Info.plist";
				PRODUCT_NAME = "$(TARGET_NAME)";
				WRAPPER_EXTENSION = app;
			};
			name = Release;
		};
		0A4CC77A1976342E000B6E65 /* Debug */ = {
			isa = XCBuildConfiguration;
			buildSettings = {
				BUNDLE_LOADER = "$(BUILT_PRODUCTS_DIR)/PhotoTiltPan.app/PhotoTiltPan";
				FRAMEWORK_SEARCH_PATHS = (
					"$(SDKROOT)/Developer/Library/Frameworks",
					"$(inherited)",
					"$(DEVELOPER_FRAMEWORKS_DIR)",
				);
				GCC_PRECOMPILE_PREFIX_HEADER = YES;
				GCC_PREFIX_HEADER = "PhotoTiltPan/PhotoTiltPan-Prefix.pch";
				GCC_PREPROCESSOR_DEFINITIONS = (
					"DEBUG=1",
					"$(inherited)",
				);
				INFOPLIST_FILE = "PhotoTiltPanTests/PhotoTiltPanTests-Info.plist";
				PRODUCT_NAME = "$(TARGET_NAME)";
				TEST_HOST = "$(BUNDLE_LOADER)";
				WRAPPER_EXTENSION = xctest;
			};
			name = Debug;
		};
		0A4CC77B1976342E000B6E65 /* Release */ = {
			isa = XCBuildConfiguration;
			buildSettings = {
				BUNDLE_LOADER = "$(BUILT_PRODUCTS_DIR)/PhotoTiltPan.app/PhotoTiltPan";
				FRAMEWORK_SEARCH_PATHS = (
					"$(SDKROOT)/Developer/Library/Frameworks",
					"$(inherited)",
					"$(DEVELOPER_FRAMEWORKS_DIR)",
				);
				GCC_PRECOMPILE_PREFIX_HEADER = YES;
				GCC_PREFIX_HEADER = "PhotoTiltPan/PhotoTiltPan-Prefix.pch";
				INFOPLIST_FILE = "PhotoTiltPanTests/PhotoTiltPanTests-Info.plist";
				PRODUCT_NAME = "$(TARGET_NAME)";
				TEST_HOST = "$(BUNDLE_LOADER)";
				WRAPPER_EXTENSION = xctest;
			};
			name = Release;
		};
/* End XCBuildConfiguration section */

/* Begin XCConfigurationList section */
		0A4CC73F1976342D000B6E65 /* Build configuration list for PBXProject "PhotoTiltPan" */ = {
			isa = XCConfigurationList;
			buildConfigurations = (
				0A4CC7741976342E000B6E65 /* Debug */,
				0A4CC7751976342E000B6E65 /* Release */,
			);
			defaultConfigurationIsVisible = 0;
			defaultConfigurationName = Release;
		};
		0A4CC7761976342E000B6E65 /* Build configuration list for PBXNativeTarget "PhotoTiltPan" */ = {
			isa = XCConfigurationList;
			buildConfigurations = (
				0A4CC7771976342E000B6E65 /* Debug */,
				0A4CC7781976342E000B6E65 /* Release */,
			);
			defaultConfigurationIsVisible = 0;
		};
		0A4CC7791976342E000B6E65 /* Build configuration list for PBXNativeTarget "PhotoTiltPanTests" */ = {
			isa = XCConfigurationList;
			buildConfigurations = (
				0A4CC77A1976342E000B6E65 /* Debug */,
				0A4CC77B1976342E000B6E65 /* Release */,
			);
			defaultConfigurationIsVisible = 0;
		};
/* End XCConfigurationList section */
	};
	rootObject = 0A4CC73C1976342D000B6E65 /* Project object */;
}
